PODS:
  - MaterialComponents/ActivityIndicator (72.2.0):
    - MaterialComponents/Palettes
    - MaterialComponents/private/Application
    - MDFInternationalization
    - MotionAnimator (~> 2.0)
  - MaterialComponents/Palettes (72.2.0)
  - MaterialComponents/private/Application (72.2.0)
  - MDFInternationalization (2.0.0)
  - MotionAnimator (2.8.1):
    - MotionInterchange (~> 1.6)
  - MotionInterchange (1.6.0)

DEPENDENCIES:
  - MaterialComponents/ActivityIndicator

SPEC REPOS:
  https://github.com/cocoapods/specs.git:
    - MaterialComponents
    - MDFInternationalization
    - MotionAnimator
    - MotionInterchange

SPEC CHECKSUMS:
  MaterialComponents: d1637df9976683348de8eabd10de0723ec81db3d
  MDFInternationalization: 010097556d6b09d2c4ea38e0820ea6d37be6a314
  MotionAnimator: ee16aa30567c5bae0fb2750c132915829cfaaf8a
  MotionInterchange: ead0e3ae1f3a5fb539e289debbc7ae036160a10d

PODFILE CHECKSUM: 49e393cbb0c00c331fbead7c520344122cc2a541

COCOAPODS: 1.5.3
